
Microsoft Visual Studio Solution File, Format Version 12.00
# Visual Studio 15
VisualStudioVersion = 15.0.26430.14
MinimumVisualStudioVersion = 10.0.40219.1
Project("{FAE04EC0-301F-11D3-BF4B-00C04F79EFBC}") = "Logic", "Logic\Logic.csproj", "{D0817167-95DD-426D-B557-BD4806A2AE52}"
EndProject
Project("{FAE04EC0-301F-11D3-BF4B-00C04F79EFBC}") = "Logic.Tests", "Logic.Tests\Logic.Tests.csproj", "{B1646AB7-3054-4CFA-9E6C-0A5D4E0227E5}"
EndProject
Global
	GlobalSection(SolutionConfigurationPlatforms) = preSolution
		Debug|Any CPU = Debug|Any CPU
		Release|Any CPU = Release|Any CPU
	EndGlobalSection
	GlobalSection(ProjectConfigurationPlatforms) = postSolution
		{D0817167-95DD-426D-B557-BD4806A2AE52}.Debug|Any CPU.ActiveCfg = Debug|Any CPU
		{D0817167-95DD-426D-B557-BD4806A2AE52}.Debug|Any CPU.Build.0 = Debug|Any CPU
		{D0817167-95DD-426D-B557-BD4806A2AE52}.Release|Any CPU.ActiveCfg = Release|Any CPU
		{D0817167-95DD-426D-B557-BD4806A2AE52}.Release|Any CPU.Build.0 = Release|Any CPU
		{B1646AB7-3054-4CFA-9E6C-0A5D4E0227E5}.Debug|Any CPU.ActiveCfg = Debug|Any CPU
		{B1646AB7-3054-4CFA-9E6C-0A5D4E0227E5}.Debug|Any CPU.Build.0 = Debug|Any CPU
		{B1646AB7-3054-4CFA-9E6C-0A5D4E0227E5}.Release|Any CPU.ActiveCfg = Release|Any CPU
		{B1646AB7-3054-4CFA-9E6C-0A5D4E0227E5}.Release|Any CPU.Build.0 = Release|Any CPU
	EndGlobalSection
	GlobalSection(SolutionProperties) = preSolution
		HideSolutionNode = FALSE
	EndGlobalSection
EndGlobal
